// !$*UTF8*$!
{
	archiveVersion = 1;
	classes = {
	};
	objectVersion = 56;
	objects = {

/* Begin PBXBuildFile section */
		F716C5C7295BFF4E00DFC5EF /* AppDelegate.swift in Sources */ = {isa = PBXBuildFile; fileRef = F716C5C6295BFF4E00DFC5EF /* AppDelegate.swift */; };
		F716C5C9295BFF4E00DFC5EF /* SceneDelegate.swift in Sources */ = {isa = PBXBuildFile; fileRef = F716C5C8295BFF4E00DFC5EF /* SceneDelegate.swift */; };
		F716C5CB295BFF4E00DFC5EF /* ViewControllerA.swift in Sources */ = {isa = PBXBuildFile; fileRef = F716C5CA295BFF4E00DFC5EF /* ViewControllerA.swift */; };
		F716C5CE295BFF4E00DFC5EF /* Main.storyboard in Resources */ = {isa = PBXBuildFile; fileRef = F716C5CC295BFF4E00DFC5EF /* Main.storyboard */; };
		F716C5D0295BFF4F00DFC5EF /* Assets.xcassets in Resources */ = {isa = PBXBuildFile; fileRef = F716C5CF295BFF4F00DFC5EF /* Assets.xcassets */; };
		F716C5D3295BFF4F00DFC5EF /* LaunchScreen.storyboard in Resources */ = {isa = PBXBuildFile; fileRef = F716C5D1295BFF4F00DFC5EF /* LaunchScreen.storyboard */; };
		F716C5DB295BFFD600DFC5EF /* ViewControllerB.swift in Sources */ = {isa = PBXBuildFile; fileRef = F716C5DA295BFFD600DFC5EF /* ViewControllerB.swift */; };
/* End PBXBuildFile section */

/* Begin PBXFileReference section */
		F716C5C3295BFF4E00DFC5EF /* RotationSample.app */ = {isa = PBXFileReference; explicitFileType = wrapper.application; includeInIndex = 0; path = RotationSample.app; sourceTree = BUILT_PRODUCTS_DIR; };
		F716C5C6295BFF4E00DFC5EF /* AppDelegate.swift */ = {isa = PBXFileReference; lastKnownFileType = sourcecode.swift; path = AppDelegate.swift; sourceTree = "<group>"; };
		F716C5C8295BFF4E00DFC5EF /* SceneDelegate.swift */ = {isa = PBXFileReference; lastKnownFileType = sourcecode.swift; path = SceneDelegate.swift; sourceTree = "<group>"; };
		F716C5CA295BFF4E00DFC5EF /* ViewControllerA.swift */ = {isa = PBXFileReference; lastKnownFileType = sourcecode.swift; path = ViewControllerA.swift; sourceTree = "<group>"; };
		F716C5CD295BFF4E00DFC5EF /* Base */ = {isa = PBXFileReference; lastKnownFileType = file.storyboard; name = Base; path = Base.lproj/Main.storyboard; sourceTree = "<group>"; };
		F716C5CF295BFF4F00DFC5EF /* Assets.xcassets */ = {isa = PBXFileReference; lastKnownFileType = folder.assetcatalog; path = Assets.xcassets; sourceTree = "<group>"; };
		F716C5D2295BFF4F00DFC5EF /* Base */ = {isa = PBXFileReference; lastKnownFileType = file.storyboard; name = Base; path = Base.lproj/LaunchScreen.storyboard; sourceTree = "<group>"; };
		F716C5D4295BFF4F00DFC5EF /* Info.plist */ = {isa = PBXFileReference; lastKnownFileType = text.plist.xml; path = Info.plist; sourceTree = "<group>"; };
		F716C5DA295BFFD600DFC5EF /* ViewControllerB.swift */ = {isa = PBXFileReference; lastKnownFileType = sourcecode.swift; path = ViewControllerB.swift; sourceTree = "<group>"; };
/* End PBXFileReference section */

/* Begin PBXFrameworksBuildPhase section */
		F716C5C0295BFF4D00DFC5EF /* Frameworks */ = {
			isa = PBXFrameworksBuildPhase;
			buildActionMask = 2147483647;
			files = (
			);
			runOnlyForDeploymentPostprocessing = 0;
		};
/* End PBXFrameworksBuildPhase section */

/* Begin PBXGroup section */
		F716C5BA295BFF4D00DFC5EF = {
			isa = PBXGroup;
			children = (
				F716C5C5295BFF4E00DFC5EF /* RotationSample */,
				F716C5C4295BFF4E00DFC5EF /* Products */,
			);
			sourceTree = "<group>";
		};
		F716C5C4295BFF4E00DFC5EF /* Products */ = {
			isa = PBXGroup;
			children = (
				F716C5C3295BFF4E00DFC5EF /* RotationSample.app */,
			);
			name = Products;
			sourceTree = "<group>";
		};
		F716C5C5295BFF4E00DFC5EF /* RotationSample */ = {
			isa = PBXGroup;
			children = (
				F716C5C6295BFF4E00DFC5EF /* AppDelegate.swift */,
				F716C5C8295BFF4E00DFC5EF /* SceneDelegate.swift */,
				F716C5CA295BFF4E00DFC5EF /* ViewControllerA.swift */,
				F716C5DA295BFFD600DFC5EF /* ViewControllerB.swift */,
				F716C5CC295BFF4E00DFC5EF /* Main.storyboard */,
				F716C5CF295BFF4F00DFC5EF /* Assets.xcassets */,
				F716C5D1295BFF4F00DFC5EF /* LaunchScreen.storyboard */,
				F716C5D4295BFF4F00DFC5EF /* Info.plist */,
			);
			path = RotationSample;
			sourceTree = "<group>";
		};
/* End PBXGroup section */

/* Begin PBXNativeTarget section */
		F716C5C2295BFF4D00DFC5EF /* RotationSample */ = {
			isa = PBXNativeTarget;
			buildConfigurationList = F716C5D7295BFF4F00DFC5EF /* Build configuration list for PBXNativeTarget "RotationSample" */;
			buildPhases = (
				F716C5BF295BFF4D00DFC5EF /* Sources */,
				F716C5C0295BFF4D00DFC5EF /* Frameworks */,
				F716C5C1295BFF4D00DFC5EF /* Resources */,
			);
			buildRules = (
			);
			dependencies = (
			);
			name = RotationSample;
			productName = RotationSample;
			productReference = F716C5C3295BFF4E00DFC5EF /* RotationSample.app */;
			productType = "com.apple.product-type.application";
		};
/* End PBXNativeTarget section */

/* Begin PBXProject section */
		F716C5BB295BFF4D00DFC5EF /* Project object */ = {
			isa = PBXProject;
			attributes = {
				BuildIndependentTargetsInParallel = 1;
				LastSwiftUpdateCheck = 1420;
				LastUpgradeCheck = 1420;
				TargetAttributes = {
					F716C5C2295BFF4D00DFC5EF = {
						CreatedOnToolsVersion = 14.2;
					};
				};
			};
			buildConfigurationList = F716C5BE295BFF4D00DFC5EF /* Build configuration list for PBXProject "RotationSample" */;
			compatibilityVersion = "Xcode 14.0";
			developmentRegion = en;
			hasScannedForEncodings = 0;
			knownRegions = (
				en,
				Base,
			);
			mainGroup = F716C5BA295BFF4D00DFC5EF;
			productRefGroup = F716C5C4295BFF4E00DFC5EF /* Products */;
			projectDirPath = "";
			projectRoot = "";
			targets = (
				F716C5C2295BFF4D00DFC5EF /* RotationSample */,
			);
		};
/* End PBXProject section */

/* Begin PBXResourcesBuildPhase section */
		F716C5C1295BFF4D00DFC5EF /* Resources */ = {
			isa = PBXResourcesBuildPhase;
			buildActionMask = 2147483647;
			files = (
				F716C5D3295BFF4F00DFC5EF /* LaunchScreen.storyboard in Resources */,
				F716C5D0295BFF4F00DFC5EF /* Assets.xcassets in Resources */,
				F716C5CE295BFF4E00DFC5EF /* Main.storyboard in Resources */,
			);
			runOnlyForDeploymentPostprocessing = 0;
		};
/* End PBXResourcesBuildPhase section */

/* Begin PBXSourcesBuildPhase section */
		F716C5BF295BFF4D00DFC5EF /* Sources */ = {
			isa = PBXSourcesBuildPhase;
			buildActionMask = 2147483647;
			files = (
				F716C5CB295BFF4E00DFC5EF /* ViewControllerA.swift in Sources */,
				F716C5DB295BFFD600DFC5EF /* ViewControllerB.swift in Sources */,
				F716C5C7295BFF4E00DFC5EF /* AppDelegate.swift in Sources */,
				F716C5C9295BFF4E00DFC5EF /* SceneDelegate.swift in Sources */,
			);
			runOnlyForDeploymentPostprocessing = 0;
		};
/* End PBXSourcesBuildPhase section */

/* Begin PBXVariantGroup section */
		F716C5CC295BFF4E00DFC5EF /* Main.storyboard */ = {
			isa = PBXVariantGroup;
			children = (
				F716C5CD295BFF4E00DFC5EF /* Base */,
			);
			name = Main.storyboard;
			sourceTree = "<group>";
		};
		F716C5D1295BFF4F00DFC5EF /* LaunchScreen.storyboard */ = {
			isa = PBXVariantGroup;
			children = (
				F716C5D2295BFF4F00DFC5EF /* Base */,
			);
			name = LaunchScreen.storyboard;
			sourceTree = "<group>";
		};
/* End PBXVariantGroup section */

/* Begin XCBuildConfiguration section */
		F716C5D5295BFF4F00DFC5EF /* Debug */ = {
			isa = XCBuildConfiguration;
			buildSettings = {
				ALWAYS_SEARCH_USER_PATHS = NO;
				CLANG_ANALYZER_NONNULL = YES;
				CLANG_ANALYZER_NUMBER_OBJECT_CONVERSION = YES_AGGRESSIVE;
				CLANG_CXX_LANGUAGE_STANDARD = "gnu++20";
				CLANG_ENABLE_MODULES = YES;
				CLANG_ENABLE_OBJC_ARC = YES;
				CLANG_ENABLE_OBJC_WEAK = YES;
				CLANG_WARN_BLOCK_CAPTURE_AUTORELEASING = YES;
				CLANG_WARN_BOOL_CONVERSION = YES;
				CLANG_WARN_COMMA = YES;
				CLANG_WARN_CONSTANT_CONVERSION = YES;
				CLANG_WARN_DEPRECATED_OBJC_IMPLEMENTATIONS = YES;
				CLANG_WARN_DIRECT_OBJC_ISA_USAGE = YES_ERROR;
				CLANG_WARN_DOCUMENTATION_COMMENTS = YES;
				CLANG_WARN_EMPTY_BODY = YES;
				CLANG_WARN_ENUM_CONVERSION = YES;
				CLANG_WARN_INFINITE_RECURSION = YES;
				CLANG_WARN_INT_CONVERSION = YES;
				CLANG_WARN_NON_LITERAL_NULL_CONVERSION = YES;
				CLANG_WARN_OBJC_IMPLICIT_RETAIN_SELF = YES;
				CLANG_WARN_OBJC_LITERAL_CONVERSION = YES;
				CLANG_WARN_OBJC_ROOT_CLASS = YES_ERROR;
				CLANG_WARN_QUOTED_INCLUDE_IN_FRAMEWORK_HEADER = YES;
				CLANG_WARN_RANGE_LOOP_ANALYSIS = YES;
				CLANG_WARN_STRICT_PROTOTYPES = YES;
				CLANG_WARN_SUSPICIOUS_MOVE = YES;
				CLANG_WARN_UNGUARDED_AVAILABILITY = YES_AGGRESSIVE;
				CLANG_WARN_UNREACHABLE_CODE = YES;
				CLANG_WARN__DUPLICATE_METHOD_MATCH = YES;
				COPY_PHASE_STRIP = NO;
				DEBUG_INFORMATION_FORMAT = dwarf;
				ENABLE_STRICT_OBJC_MSGSEND = YES;
				ENABLE_TESTABILITY = YES;
				GCC_C_LANGUAGE_STANDARD = gnu11;
				GCC_DYNAMIC_NO_PIC = NO;
				GCC_NO_COMMON_BLOCKS = YES;
				GCC_OPTIMIZATION_LEVEL = 0;
				GCC_PREPROCESSOR_DEFINITIONS = (
					"DEBUG=1",
					"$(inherited)",
				);
				GCC_WARN_64_TO_32_BIT_CONVERSION = YES;
				GCC_WARN_ABOUT_RETURN_TYPE = YES_ERROR;
				GCC_WARN_UNDECLARED_SELECTOR = YES;
				GCC_WARN_UNINITIALIZED_AUTOS = YES_AGGRESSIVE;
				GCC_WARN_UNUSED_FUNCTION = YES;
				GCC_WARN_UNUSED_VARIABLE = YES;
				IPHONEOS_DEPLOYMENT_TARGET = 12.0;
				MTL_ENABLE_DEBUG_INFO = INCLUDE_SOURCE;
				MTL_FAST_MATH = YES;
				ONLY_ACTIVE_ARCH = YES;
				SDKROOT = iphoneos;
				SWIFT_ACTIVE_COMPILATION_CONDITIONS = DEBUG;
				SWIFT_OPTIMIZATION_LEVEL = "-Onone";
			};
			name = Debug;
		};
		F716C5D6295BFF4F00DFC5EF /* Release */ = {
			isa = XCBuildConfiguration;
			buildSettings = {
				ALWAYS_SEARCH_USER_PATHS = NO;
				CLANG_ANALYZER_NONNULL = YES;
				CLANG_ANALYZER_NUMBER_OBJECT_CONVERSION = YES_AGGRESSIVE;
				CLANG_CXX_LANGUAGE_STANDARD = "gnu++20";
				CLANG_ENABLE_MODULES = YES;
				CLANG_ENABLE_OBJC_ARC = YES;
				CLANG_ENABLE_OBJC_WEAK = YES;
				CLANG_WARN_BLOCK_CAPTURE_AUTORELEASING = YES;
				CLANG_WARN_BOOL_CONVERSION = YES;
				CLANG_WARN_COMMA = YES;
				CLANG_WARN_CONSTANT_CONVERSION = YES;
				CLANG_WARN_DEPRECATED_OBJC_IMPLEMENTATIONS = YES;
				CLANG_WARN_DIRECT_OBJC_ISA_USAGE = YES_ERROR;
				CLANG_WARN_DOCUMENTATION_COMMENTS = YES;
				CLANG_WARN_EMPTY_BODY = YES;
				CLANG_WARN_ENUM_CONVERSION = YES;
				CLANG_WARN_INFINITE_RECURSION = YES;
				CLANG_WARN_INT_CONVERSION = YES;
				CLANG_WARN_NON_LITERAL_NULL_CONVERSION = YES;
				CLANG_WARN_OBJC_IMPLICIT_RETAIN_SELF = YES;
				CLANG_WARN_OBJC_LITERAL_CONVERSION = YES;
				CLANG_WARN_OBJC_ROOT_CLASS = YES_ERROR;
				CLANG_WARN_QUOTED_INCLUDE_IN_FRAMEWORK_HEADER = YES;
				CLANG_WARN_RANGE_LOOP_ANALYSIS = YES;
				CLANG_WARN_STRICT_PROTOTYPES = YES;
				CLANG_WARN_SUSPICIOUS_MOVE = YES;
				CLANG_WARN_UNGUARDED_AVAILABILITY = YES_AGGRESSIVE;
				CLANG_WARN_UNREACHABLE_CODE = YES;
				CLANG_WARN__DUPLICATE_METHOD_MATCH = YES;
				COPY_PHASE_STRIP = NO;
				DEBUG_INFORMATION_FORMAT = "dwarf-with-dsym";
				ENABLE_NS_ASSERTIONS = NO;
				ENABLE_STRICT_OBJC_MSGSEND = YES;
				GCC_C_LANGUAGE_STANDARD = gnu11;
				GCC_NO_COMMON_BLOCKS = YES;
				GCC_WARN_64_TO_32_BIT_CONVERSION = YES;
				GCC_WARN_ABOUT_RETURN_TYPE = YES_ERROR;
				GCC_WARN_UNDECLARED_SELECTOR = YES;
				GCC_WARN_UNINITIALIZED_AUTOS = YES_AGGRESSIVE;
				GCC_WARN_UNUSED_FUNCTION = YES;
				GCC_WARN_UNUSED_VARIABLE = YES;
				IPHONEOS_DEPLOYMENT_TARGET = 12.0;
				MTL_ENABLE_DEBUG_INFO = NO;
				MTL_FAST_MATH = YES;
				SDKROOT = iphoneos;
				SWIFT_COMPILATION_MODE = wholemodule;
				SWIFT_OPTIMIZATION_LEVEL = "-O";
				VALIDATE_PRODUCT = YES;
			};
			name = Release;
		};
		F716C5D8295BFF4F00DFC5EF /* Debug */ = {
			isa = XCBuildConfiguration;
			buildSettings = {
				ASSETCATALOG_COMPILER_APPICON_NAME = AppIcon;
				ASSETCATALOG_COMPILER_GLOBAL_ACCENT_COLOR_NAME = AccentColor;
				CODE_SIGN_STYLE = Automatic;
				CURRENT_PROJECT_VERSION = 1;
				GENERATE_INFOPLIST_FILE = YES;
				INFOPLIST_FILE = RotationSample/Info.plist;
				INFOPLIST_KEY_UIApplicationSupportsIndirectInputEvents = YES;
				INFOPLIST_KEY_UILaunchStoryboardName = Main.storyboard;
				INFOPLIST_KEY_UIMainStoryboardFile = Main;
				INFOPLIST_KEY_UIRequiresFullScreen = YES;
				INFOPLIST_KEY_UISupportedInterfaceOrientations = UIInterfaceOrientationPortrait;
				INFOPLIST_KEY_UISupportedInterfaceOrientations_iPad = "UIInterfaceOrientationLandscapeLeft UIInterfaceOrientationLandscapeRight UIInterfaceOrientationPortrait UIInterfaceOrientationPortraitUpsideDown";
				IPHONEOS_DEPLOYMENT_TARGET = 12.0;
				LD_RUNPATH_SEARCH_PATHS = (
					"$(inherited)",
					"@executable_path/Frameworks",
				);
				MARKETING_VERSION = 1.0;
				PRODUCT_BUNDLE_IDENTIFIER = net.lwwo.RotationSample;
				PRODUCT_NAME = "$(TARGET_NAME)";
				SWIFT_EMIT_LOC_STRINGS = YES;
				SWIFT_VERSION = 5.0;
				TARGETED_DEVICE_FAMILY = "1,2";
			};
			name = Debug;
		};
		F716C5D9295BFF4F00DFC5EF /* Release */ = {
			isa = XCBuildConfiguration;
			buildSettings = {
				ASSETCATALOG_COMPILER_APPICON_NAME = AppIcon;
				ASSETCATALOG_COMPILER_GLOBAL_ACCENT_COLOR_NAME = AccentColor;
				CODE_SIGN_STYLE = Automatic;
				CURRENT_PROJECT_VERSION = 1;
				GENERATE_INFOPLIST_FILE = YES;
				INFOPLIST_FILE = RotationSample/Info.plist;
				INFOPLIST_KEY_UIApplicationSupportsIndirectInputEvents = YES;
				INFOPLIST_KEY_UILaunchStoryboardName = Main.storyboard;
				INFOPLIST_KEY_UIMainStoryboardFile = Main;
				INFOPLIST_KEY_UIRequiresFullScreen = YES;
				INFOPLIST_KEY_UISupportedInterfaceOrientations = UIInterfaceOrientationPortrait;
				INFOPLIST_KEY_UISupportedInterfaceOrientations_iPad = "UIInterfaceOrientationLandscapeLeft UIInterfaceOrientationLandscapeRight UIInterfaceOrientationPortrait UIInterfaceOrientationPortraitUpsideDown";
				IPHONEOS_DEPLOYMENT_TARGET = 12.0;
				LD_RUNPATH_SEARCH_PATHS = (
					"$(inherited)",
					"@executable_path/Frameworks",
				);
				MARKETING_VERSION = 1.0;
				PRODUCT_BUNDLE_IDENTIFIER = net.lwwo.RotationSample;
				PRODUCT_NAME = "$(TARGET_NAME)";
				SWIFT_EMIT_LOC_STRINGS = YES;
				SWIFT_VERSION = 5.0;
				TARGETED_DEVICE_FAMILY = "1,2";
			};
			name = Release;
		};
/* End XCBuildConfiguration section */

/* Begin XCConfigurationList section */
		F716C5BE295BFF4D00DFC5EF /* Build configuration list for PBXProject "RotationSample" */ = {
			isa = XCConfigurationList;
			buildConfigurations = (
				F716C5D5295BFF4F00DFC5EF /* Debug */,
				F716C5D6295BFF4F00DFC5EF /* Release */,
			);
			defaultConfigurationIsVisible = 0;
			defaultConfigurationName = Release;
		};
		F716C5D7295BFF4F00DFC5EF /* Build configuration list for PBXNativeTarget "RotationSample" */ = {
			isa = XCConfigurationList;
			buildConfigurations = (
				F716C5D8295BFF4F00DFC5EF /* Debug */,
				F716C5D9295BFF4F00DFC5EF /* Release */,
			);
			defaultConfigurationIsVisible = 0;
			defaultConfigurationName = Release;
		};
/* End XCConfigurationList section */
	};
	rootObject = F716C5BB295BFF4D00DFC5EF /* Project object */;
}
